
Microsoft Visual Studio Solution File, Format Version 12.00
# Visual Studio Version 16
VisualStudioVersion = 16.0.30011.22
MinimumVisualStudioVersion = 10.0.40219.1
Project("{2150E333-8FDC-42A3-9474-1A3956D46DE8}") = "basic-queue", "basic-queue", "{72A3D700-49BD-4E44-9895-21DF18D8DBE4}"
EndProject
Project("{2150E333-8FDC-42A3-9474-1A3956D46DE8}") = "domain", "domain", "{A5D68819-F218-4BEB-8187-1BBC93732E1D}"
EndProject
Project("{9A19103F-16F7-4668-BE54-9A1E7A4F7556}") = "RMQ.Domain", "RMQ.Domain\RMQ.Domain.csproj", "{5F298EB3-272C-4C68-A91D-FCDDFD9E84BE}"
EndProject
Project("{2150E333-8FDC-42A3-9474-1A3956D46DE8}") = "application", "application", "{708251FE-DCA3-4756-B831-6B6EB7A10471}"
EndProject
Project("{9A19103F-16F7-4668-BE54-9A1E7A4F7556}") = "RMQ.Application", "RMQ.Application\RMQ.Application.csproj", "{A43CD0EF-244A-4419-BF4B-7C5D9FBF69BC}"
EndProject
Project("{2150E333-8FDC-42A3-9474-1A3956D46DE8}") = "infrastructure.common", "infrastructure.common", "{F866E447-51E5-4673-801B-F20C1219CF82}"
EndProject
Project("{9A19103F-16F7-4668-BE54-9A1E7A4F7556}") = "RMQ.Infrastructure.Common", "RMQ.Infrastructure.Common\RMQ.Infrastructure.Common.csproj", "{0647B367-EBD1-479A-BA42-3E7D0B4FC73B}"
EndProject
Project("{9A19103F-16F7-4668-BE54-9A1E7A4F7556}") = "RMQ.basicqueue.Console", "RMQ.basicqueue.Console\RMQ.basicqueue.Console.csproj", "{797E58E6-505C-490C-B05E-CDCD46FA044A}"
EndProject
Project("{9A19103F-16F7-4668-BE54-9A1E7A4F7556}") = "RMQ.basicqueue.Worker", "RMQ.basicqueue.Worker\RMQ.basicqueue.Worker.csproj", "{7498F401-D905-4348-8BD0-89FA49E174B1}"
EndProject
Project("{2150E333-8FDC-42A3-9474-1A3956D46DE8}") = "publisher-subscriber", "publisher-subscriber", "{42DC6F89-8703-48AD-9D74-017812AF340B}"
EndProject
Project("{FAE04EC0-301F-11D3-BF4B-00C04F79EFBC}") = "RMQ.publishersubscriber.Console", "RMQ.publishersubscriber.Console\RMQ.publishersubscriber.Console.csproj", "{4620DBBD-AA65-4F7D-9975-0084E01BD97E}"
EndProject
Project("{FAE04EC0-301F-11D3-BF4B-00C04F79EFBC}") = "RMQ.publishersubscriber.Worker", "RMQ.publishersubscriber.Worker\RMQ.publishersubscriber.Worker.csproj", "{D89F0F33-5ABD-4FB0-A945-15AA99429C36}"
EndProject
Project("{2150E333-8FDC-42A3-9474-1A3956D46DE8}") = "direct-exchange", "direct-exchange", "{A87E13C4-C814-46F4-9D0D-C924955A0BEE}"
EndProject
Project("{FAE04EC0-301F-11D3-BF4B-00C04F79EFBC}") = "RMQ.directexchange.Console", "RMQ.directexchange.Console\RMQ.directexchange.Console.csproj", "{8A63CC29-DE9B-4BF0-AB4D-2B2A5D7B0911}"
EndProject
Global
	GlobalSection(SolutionConfigurationPlatforms) = preSolution
		Debug|Any CPU = Debug|Any CPU
		Release|Any CPU = Release|Any CPU
	EndGlobalSection
	GlobalSection(ProjectConfigurationPlatforms) = postSolution
		{5F298EB3-272C-4C68-A91D-FCDDFD9E84BE}.Debug|Any CPU.ActiveCfg = Debug|Any CPU
		{5F298EB3-272C-4C68-A91D-FCDDFD9E84BE}.Debug|Any CPU.Build.0 = Debug|Any CPU
		{5F298EB3-272C-4C68-A91D-FCDDFD9E84BE}.Release|Any CPU.ActiveCfg = Release|Any CPU
		{5F298EB3-272C-4C68-A91D-FCDDFD9E84BE}.Release|Any CPU.Build.0 = Release|Any CPU
		{A43CD0EF-244A-4419-BF4B-7C5D9FBF69BC}.Debug|Any CPU.ActiveCfg = Debug|Any CPU
		{A43CD0EF-244A-4419-BF4B-7C5D9FBF69BC}.Debug|Any CPU.Build.0 = Debug|Any CPU
		{A43CD0EF-244A-4419-BF4B-7C5D9FBF69BC}.Release|Any CPU.ActiveCfg = Release|Any CPU
		{A43CD0EF-244A-4419-BF4B-7C5D9FBF69BC}.Release|Any CPU.Build.0 = Release|Any CPU
		{0647B367-EBD1-479A-BA42-3E7D0B4FC73B}.Debug|Any CPU.ActiveCfg = Debug|Any CPU
		{0647B367-EBD1-479A-BA42-3E7D0B4FC73B}.Debug|Any CPU.Build.0 = Debug|Any CPU
		{0647B367-EBD1-479A-BA42-3E7D0B4FC73B}.Release|Any CPU.ActiveCfg = Release|Any CPU
		{0647B367-EBD1-479A-BA42-3E7D0B4FC73B}.Release|Any CPU.Build.0 = Release|Any CPU
		{797E58E6-505C-490C-B05E-CDCD46FA044A}.Debug|Any CPU.ActiveCfg = Debug|Any CPU
		{797E58E6-505C-490C-B05E-CDCD46FA044A}.Debug|Any CPU.Build.0 = Debug|Any CPU
		{797E58E6-505C-490C-B05E-CDCD46FA044A}.Release|Any CPU.ActiveCfg = Release|Any CPU
		{797E58E6-505C-490C-B05E-CDCD46FA044A}.Release|Any CPU.Build.0 = Release|Any CPU
		{7498F401-D905-4348-8BD0-89FA49E174B1}.Debug|Any CPU.ActiveCfg = Debug|Any CPU
		{7498F401-D905-4348-8BD0-89FA49E174B1}.Debug|Any CPU.Build.0 = Debug|Any CPU
		{7498F401-D905-4348-8BD0-89FA49E174B1}.Release|Any CPU.ActiveCfg = Release|Any CPU
		{7498F401-D905-4348-8BD0-89FA49E174B1}.Release|Any CPU.Build.0 = Release|Any CPU
		{4620DBBD-AA65-4F7D-9975-0084E01BD97E}.Debug|Any CPU.ActiveCfg = Debug|Any CPU
		{4620DBBD-AA65-4F7D-9975-0084E01BD97E}.Debug|Any CPU.Build.0 = Debug|Any CPU
		{4620DBBD-AA65-4F7D-9975-0084E01BD97E}.Release|Any CPU.ActiveCfg = Release|Any CPU
		{4620DBBD-AA65-4F7D-9975-0084E01BD97E}.Release|Any CPU.Build.0 = Release|Any CPU
		{D89F0F33-5ABD-4FB0-A945-15AA99429C36}.Debug|Any CPU.ActiveCfg = Debug|Any CPU
		{D89F0F33-5ABD-4FB0-A945-15AA99429C36}.Debug|Any CPU.Build.0 = Debug|Any CPU
		{D89F0F33-5ABD-4FB0-A945-15AA99429C36}.Release|Any CPU.ActiveCfg = Release|Any CPU
		{D89F0F33-5ABD-4FB0-A945-15AA99429C36}.Release|Any CPU.Build.0 = Release|Any CPU
		{8A63CC29-DE9B-4BF0-AB4D-2B2A5D7B0911}.Debug|Any CPU.ActiveCfg = Debug|Any CPU
		{8A63CC29-DE9B-4BF0-AB4D-2B2A5D7B0911}.Debug|Any CPU.Build.0 = Debug|Any CPU
		{8A63CC29-DE9B-4BF0-AB4D-2B2A5D7B0911}.Release|Any CPU.ActiveCfg = Release|Any CPU
		{8A63CC29-DE9B-4BF0-AB4D-2B2A5D7B0911}.Release|Any CPU.Build.0 = Release|Any CPU
	EndGlobalSection
	GlobalSection(SolutionProperties) = preSolution
		HideSolutionNode = FALSE
	EndGlobalSection
	GlobalSection(NestedProjects) = preSolution
		{5F298EB3-272C-4C68-A91D-FCDDFD9E84BE} = {A5D68819-F218-4BEB-8187-1BBC93732E1D}
		{A43CD0EF-244A-4419-BF4B-7C5D9FBF69BC} = {708251FE-DCA3-4756-B831-6B6EB7A10471}
		{0647B367-EBD1-479A-BA42-3E7D0B4FC73B} = {F866E447-51E5-4673-801B-F20C1219CF82}
		{797E58E6-505C-490C-B05E-CDCD46FA044A} = {72A3D700-49BD-4E44-9895-21DF18D8DBE4}
		{7498F401-D905-4348-8BD0-89FA49E174B1} = {72A3D700-49BD-4E44-9895-21DF18D8DBE4}
		{4620DBBD-AA65-4F7D-9975-0084E01BD97E} = {42DC6F89-8703-48AD-9D74-017812AF340B}
		{D89F0F33-5ABD-4FB0-A945-15AA99429C36} = {42DC6F89-8703-48AD-9D74-017812AF340B}
		{8A63CC29-DE9B-4BF0-AB4D-2B2A5D7B0911} = {A87E13C4-C814-46F4-9D0D-C924955A0BEE}
	EndGlobalSection
	GlobalSection(ExtensibilityGlobals) = postSolution
		SolutionGuid = {345BFA20-0771-411E-A7BB-6E7703117AEA}
	EndGlobalSection
EndGlobal
